
Microsoft Visual Studio Solution File, Format Version 12.00
# Visual Studio Version 17
VisualStudioVersion = 17.14.36221.1 d17.14
MinimumVisualStudioVersion = 10.0.40219.1
Project("{FAE04EC0-301F-11D3-BF4B-00C04F79EFBC}") = "MyAutoCADPlugin", "MyAutoCADPlugin\MyAutoCADPlugin.csproj", "{C103C860-CA0F-443C-954D-A5C61113ABC1}"
EndProject
Global
	GlobalSection(SolutionConfigurationPlatforms) = preSolution
		Debug|Any CPU = Debug|Any CPU
		Release|Any CPU = Release|Any CPU
	EndGlobalSection
	GlobalSection(ProjectConfigurationPlatforms) = postSolution
		{C103C860-CA0F-443C-954D-A5C61113ABC1}.Debug|Any CPU.ActiveCfg = Debug|Any CPU
		{C103C860-CA0F-443C-954D-A5C61113ABC1}.Debug|Any CPU.Build.0 = Debug|Any CPU
		{C103C860-CA0F-443C-954D-A5C61113ABC1}.Release|Any CPU.ActiveCfg = Release|Any CPU
		{C103C860-CA0F-443C-954D-A5C61113ABC1}.Release|Any CPU.Build.0 = Release|Any CPU
	EndGlobalSection
	GlobalSection(SolutionProperties) = preSolution
		HideSolutionNode = FALSE
	EndGlobalSection
	GlobalSection(ExtensibilityGlobals) = postSolution
		SolutionGuid = {046E2D15-ECEC-4860-A5F6-B8BF892E0D51}
	EndGlobalSection
EndGlobal
